// !$*UTF8*$!
{
	archiveVersion = 1;
	classes = {
	};
	objectVersion = 50;
	objects = {

/* Begin PBXBuildFile section */
		12F1455720EF559400A9168C /* AppDelegate.m in Sources */ = {isa = PBXBuildFile; fileRef = 12F1455620EF559400A9168C /* AppDelegate.m */; };
		12F1455A20EF559400A9168C /* ViewController.m in Sources */ = {isa = PBXBuildFile; fileRef = 12F1455920EF559400A9168C /* ViewController.m */; };
		12F1455D20EF559400A9168C /* Main.storyboard in Resources */ = {isa = PBXBuildFile; fileRef = 12F1455B20EF559400A9168C /* Main.storyboard */; };
		12F1455F20EF55A200A9168C /* Assets.xcassets in Resources */ = {isa = PBXBuildFile; fileRef = 12F1455E20EF55A200A9168C /* Assets.xcassets */; };
		12F1456220EF55A200A9168C /* LaunchScreen.storyboard in Resources */ = {isa = PBXBuildFile; fileRef = 12F1456020EF55A200A9168C /* LaunchScreen.storyboard */; };
		12F1456520EF55A200A9168C /* main.m in Sources */ = {isa = PBXBuildFile; fileRef = 12F1456420EF55A200A9168C /* main.m */; };
		12F1456E20EF564400A9168C /* JQShelterView.m in Sources */ = {isa = PBXBuildFile; fileRef = 12F1456D20EF564400A9168C /* JQShelterView.m */; };
/* End PBXBuildFile section */

/* Begin PBXFileReference section */
		12F1455220EF559400A9168C /* JQShelterView.app */ = {isa = PBXFileReference; explicitFileType = wrapper.application; includeInIndex = 0; path = JQShelterView.app; sourceTree = BUILT_PRODUCTS_DIR; };
		12F1455520EF559400A9168C /* AppDelegate.h */ = {isa = PBXFileReference; lastKnownFileType = sourcecode.c.h; path = AppDelegate.h; sourceTree = "<group>"; };
		12F1455620EF559400A9168C /* AppDelegate.m */ = {isa = PBXFileReference; lastKnownFileType = sourcecode.c.objc; path = AppDelegate.m; sourceTree = "<group>"; };
		12F1455820EF559400A9168C /* ViewController.h */ = {isa = PBXFileReference; lastKnownFileType = sourcecode.c.h; path = ViewController.h; sourceTree = "<group>"; };
		12F1455920EF559400A9168C /* ViewController.m */ = {isa = PBXFileReference; lastKnownFileType = sourcecode.c.objc; path = ViewController.m; sourceTree = "<group>"; };
		12F1455C20EF559400A9168C /* Base */ = {isa = PBXFileReference; lastKnownFileType = file.storyboard; name = Base; path = Base.lproj/Main.storyboard; sourceTree = "<group>"; };
		12F1455E20EF55A200A9168C /* Assets.xcassets */ = {isa = PBXFileReference; lastKnownFileType = folder.assetcatalog; path = Assets.xcassets; sourceTree = "<group>"; };
		12F1456120EF55A200A9168C /* Base */ = {isa = PBXFileReference; lastKnownFileType = file.storyboard; name = Base; path = Base.lproj/LaunchScreen.storyboard; sourceTree = "<group>"; };
		12F1456320EF55A200A9168C /* Info.plist */ = {isa = PBXFileReference; lastKnownFileType = text.plist.xml; path = Info.plist; sourceTree = "<group>"; };
		12F1456420EF55A200A9168C /* main.m */ = {isa = PBXFileReference; lastKnownFileType = sourcecode.c.objc; path = main.m; sourceTree = "<group>"; };
		12F1456C20EF564400A9168C /* JQShelterView.h */ = {isa = PBXFileReference; lastKnownFileType = sourcecode.c.h; path = JQShelterView.h; sourceTree = "<group>"; };
		12F1456D20EF564400A9168C /* JQShelterView.m */ = {isa = PBXFileReference; lastKnownFileType = sourcecode.c.objc; path = JQShelterView.m; sourceTree = "<group>"; };
/* End PBXFileReference section */

/* Begin PBXFrameworksBuildPhase section */
		12F1454F20EF559400A9168C /* Frameworks */ = {
			isa = PBXFrameworksBuildPhase;
			buildActionMask = 2147483647;
			files = (
			);
			runOnlyForDeploymentPostprocessing = 0;
		};
/* End PBXFrameworksBuildPhase section */

/* Begin PBXGroup section */
		12F1454920EF559400A9168C = {
			isa = PBXGroup;
			children = (
				12F1455420EF559400A9168C /* JQShelterView */,
				12F1455320EF559400A9168C /* Products */,
			);
			sourceTree = "<group>";
		};
		12F1455320EF559400A9168C /* Products */ = {
			isa = PBXGroup;
			children = (
				12F1455220EF559400A9168C /* JQShelterView.app */,
			);
			name = Products;
			sourceTree = "<group>";
		};
		12F1455420EF559400A9168C /* JQShelterView */ = {
			isa = PBXGroup;
			children = (
				12F1455520EF559400A9168C /* AppDelegate.h */,
				12F1455620EF559400A9168C /* AppDelegate.m */,
				12F1455820EF559400A9168C /* ViewController.h */,
				12F1455920EF559400A9168C /* ViewController.m */,
				12F1456B20EF562900A9168C /* JQShelterView */,
				12F1455B20EF559400A9168C /* Main.storyboard */,
				12F1455E20EF55A200A9168C /* Assets.xcassets */,
				12F1456020EF55A200A9168C /* LaunchScreen.storyboard */,
				12F1456320EF55A200A9168C /* Info.plist */,
				12F1456420EF55A200A9168C /* main.m */,
			);
			path = JQShelterView;
			sourceTree = "<group>";
		};
		12F1456B20EF562900A9168C /* JQShelterView */ = {
			isa = PBXGroup;
			children = (
				12F1456C20EF564400A9168C /* JQShelterView.h */,
				12F1456D20EF564400A9168C /* JQShelterView.m */,
			);
			path = JQShelterView;
			sourceTree = "<group>";
		};
/* End PBXGroup section */

/* Begin PBXNativeTarget section */
		12F1455120EF559400A9168C /* JQShelterView */ = {
			isa = PBXNativeTarget;
			buildConfigurationList = 12F1456820EF55A200A9168C /* Build configuration list for PBXNativeTarget "JQShelterView" */;
			buildPhases = (
				12F1454E20EF559400A9168C /* Sources */,
				12F1454F20EF559400A9168C /* Frameworks */,
				12F1455020EF559400A9168C /* Resources */,
			);
			buildRules = (
			);
			dependencies = (
			);
			name = JQShelterView;
			productName = JQShelterView;
			productReference = 12F1455220EF559400A9168C /* JQShelterView.app */;
			productType = "com.apple.product-type.application";
		};
/* End PBXNativeTarget section */

/* Begin PBXProject section */
		12F1454A20EF559400A9168C /* Project object */ = {
			isa = PBXProject;
			attributes = {
				LastUpgradeCheck = 0940;
				ORGANIZATIONNAME = Jinniu;
				TargetAttributes = {
					12F1455120EF559400A9168C = {
						CreatedOnToolsVersion = 9.4;
					};
				};
			};
			buildConfigurationList = 12F1454D20EF559400A9168C /* Build configuration list for PBXProject "JQShelterView" */;
			compatibilityVersion = "Xcode 9.3";
			developmentRegion = en;
			hasScannedForEncodings = 0;
			knownRegions = (
				en,
				Base,
			);
			mainGroup = 12F1454920EF559400A9168C;
			productRefGroup = 12F1455320EF559400A9168C /* Products */;
			projectDirPath = "";
			projectRoot = "";
			targets = (
				12F1455120EF559400A9168C /* JQShelterView */,
			);
		};
/* End PBXProject section */

/* Begin PBXResourcesBuildPhase section */
		12F1455020EF559400A9168C /* Resources */ = {
			isa = PBXResourcesBuildPhase;
			buildActionMask = 2147483647;
			files = (
				12F1456220EF55A200A9168C /* LaunchScreen.storyboard in Resources */,
				12F1455F20EF55A200A9168C /* Assets.xcassets in Resources */,
				12F1455D20EF559400A9168C /* Main.storyboard in Resources */,
			);
			runOnlyForDeploymentPostprocessing = 0;
		};
/* End PBXResourcesBuildPhase section */

/* Begin PBXSourcesBuildPhase section */
		12F1454E20EF559400A9168C /* Sources */ = {
			isa = PBXSourcesBuildPhase;
			buildActionMask = 2147483647;
			files = (
				12F1455A20EF559400A9168C /* ViewController.m in Sources */,
				12F1456520EF55A200A9168C /* main.m in Sources */,
				12F1455720EF559400A9168C /* AppDelegate.m in Sources */,
				12F1456E20EF564400A9168C /* JQShelterView.m in Sources */,
			);
			runOnlyForDeploymentPostprocessing = 0;
		};
/* End PBXSourcesBuildPhase section */

/* Begin PBXVariantGroup section */
		12F1455B20EF559400A9168C /* Main.storyboard */ = {
			isa = PBXVariantGroup;
			children = (
				12F1455C20EF559400A9168C /* Base */,
			);
			name = Main.storyboard;
			sourceTree = "<group>";
		};
		12F1456020EF55A200A9168C /* LaunchScreen.storyboard */ = {
			isa = PBXVariantGroup;
			children = (
				12F1456120EF55A200A9168C /* Base */,
			);
			name = LaunchScreen.storyboard;
			sourceTree = "<group>";
		};
/* End PBXVariantGroup section */

/* Begin XCBuildConfiguration section */
		12F1456620EF55A200A9168C /* Debug */ = {
			isa = XCBuildConfiguration;
			buildSettings = {
				ALWAYS_SEARCH_USER_PATHS = NO;
				CLANG_ANALYZER_NONNULL = YES;
				CLANG_ANALYZER_NUMBER_OBJECT_CONVERSION = YES_AGGRESSIVE;
				CLANG_CXX_LANGUAGE_STANDARD = "gnu++14";
				CLANG_CXX_LIBRARY = "libc++";
				CLANG_ENABLE_MODULES = YES;
				CLANG_ENABLE_OBJC_ARC = YES;
				CLANG_ENABLE_OBJC_WEAK = YES;
				CLANG_WARN_BLOCK_CAPTURE_AUTORELEASING = YES;
				CLANG_WARN_BOOL_CONVERSION = YES;
				CLANG_WARN_COMMA = YES;
				CLANG_WARN_CONSTANT_CONVERSION = YES;
				CLANG_WARN_DEPRECATED_OBJC_IMPLEMENTATIONS = YES;
				CLANG_WARN_DIRECT_OBJC_ISA_USAGE = YES_ERROR;
				CLANG_WARN_DOCUMENTATION_COMMENTS = YES;
				CLANG_WARN_EMPTY_BODY = YES;
				CLANG_WARN_ENUM_CONVERSION = YES;
				CLANG_WARN_INFINITE_RECURSION = YES;
				CLANG_WARN_INT_CONVERSION = YES;
				CLANG_WARN_NON_LITERAL_NULL_CONVERSION = YES;
				CLANG_WARN_OBJC_IMPLICIT_RETAIN_SELF = YES;
				CLANG_WARN_OBJC_LITERAL_CONVERSION = YES;
				CLANG_WARN_OBJC_ROOT_CLASS = YES_ERROR;
				CLANG_WARN_RANGE_LOOP_ANALYSIS = YES;
				CLANG_WARN_STRICT_PROTOTYPES = YES;
				CLANG_WARN_SUSPICIOUS_MOVE = YES;
				CLANG_WARN_UNGUARDED_AVAILABILITY = YES_AGGRESSIVE;
				CLANG_WARN_UNREACHABLE_CODE = YES;
				CLANG_WARN__DUPLICATE_METHOD_MATCH = YES;
				CODE_SIGN_IDENTITY = "iPhone Developer";
				COPY_PHASE_STRIP = NO;
				DEBUG_INFORMATION_FORMAT = dwarf;
				ENABLE_STRICT_OBJC_MSGSEND = YES;
				ENABLE_TESTABILITY = YES;
				GCC_C_LANGUAGE_STANDARD = gnu11;
				GCC_DYNAMIC_NO_PIC = NO;
				GCC_NO_COMMON_BLOCKS = YES;
				GCC_OPTIMIZATION_LEVEL = 0;
				GCC_PREPROCESSOR_DEFINITIONS = (
					"DEBUG=1",
					"$(inherited)",
				);
				GCC_WARN_64_TO_32_BIT_CONVERSION = YES;
				GCC_WARN_ABOUT_RETURN_TYPE = YES_ERROR;
				GCC_WARN_UNDECLARED_SELECTOR = YES;
				GCC_WARN_UNINITIALIZED_AUTOS = YES_AGGRESSIVE;
				GCC_WARN_UNUSED_FUNCTION = YES;
				GCC_WARN_UNUSED_VARIABLE = YES;
				IPHONEOS_DEPLOYMENT_TARGET = 11.4;
				MTL_ENABLE_DEBUG_INFO = YES;
				ONLY_ACTIVE_ARCH = YES;
				SDKROOT = iphoneos;
			};
			name = Debug;
		};
		12F1456720EF55A200A9168C /* Release */ = {
			isa = XCBuildConfiguration;
			buildSettings = {
				ALWAYS_SEARCH_USER_PATHS = NO;
				CLANG_ANALYZER_NONNULL = YES;
				CLANG_ANALYZER_NUMBER_OBJECT_CONVERSION = YES_AGGRESSIVE;
				CLANG_CXX_LANGUAGE_STANDARD = "gnu++14";
				CLANG_CXX_LIBRARY = "libc++";
				CLANG_ENABLE_MODULES = YES;
				CLANG_ENABLE_OBJC_ARC = YES;
				CLANG_ENABLE_OBJC_WEAK = YES;
				CLANG_WARN_BLOCK_CAPTURE_AUTORELEASING = YES;
				CLANG_WARN_BOOL_CONVERSION = YES;
				CLANG_WARN_COMMA = YES;
				CLANG_WARN_CONSTANT_CONVERSION = YES;
				CLANG_WARN_DEPRECATED_OBJC_IMPLEMENTATIONS = YES;
				CLANG_WARN_DIRECT_OBJC_ISA_USAGE = YES_ERROR;
				CLANG_WARN_DOCUMENTATION_COMMENTS = YES;
				CLANG_WARN_EMPTY_BODY = YES;
				CLANG_WARN_ENUM_CONVERSION = YES;
				CLANG_WARN_INFINITE_RECURSION = YES;
				CLANG_WARN_INT_CONVERSION = YES;
				CLANG_WARN_NON_LITERAL_NULL_CONVERSION = YES;
				CLANG_WARN_OBJC_IMPLICIT_RETAIN_SELF = YES;
				CLANG_WARN_OBJC_LITERAL_CONVERSION = YES;
				CLANG_WARN_OBJC_ROOT_CLASS = YES_ERROR;
				CLANG_WARN_RANGE_LOOP_ANALYSIS = YES;
				CLANG_WARN_STRICT_PROTOTYPES = YES;
				CLANG_WARN_SUSPICIOUS_MOVE = YES;
				CLANG_WARN_UNGUARDED_AVAILABILITY = YES_AGGRESSIVE;
				CLANG_WARN_UNREACHABLE_CODE = YES;
				CLANG_WARN__DUPLICATE_METHOD_MATCH = YES;
				CODE_SIGN_IDENTITY = "iPhone Developer";
				COPY_PHASE_STRIP = NO;
				DEBUG_INFORMATION_FORMAT = "dwarf-with-dsym";
				ENABLE_NS_ASSERTIONS = NO;
				ENABLE_STRICT_OBJC_MSGSEND = YES;
				GCC_C_LANGUAGE_STANDARD = gnu11;
				GCC_NO_COMMON_BLOCKS = YES;
				GCC_WARN_64_TO_32_BIT_CONVERSION = YES;
				GCC_WARN_ABOUT_RETURN_TYPE = YES_ERROR;
				GCC_WARN_UNDECLARED_SELECTOR = YES;
				GCC_WARN_UNINITIALIZED_AUTOS = YES_AGGRESSIVE;
				GCC_WARN_UNUSED_FUNCTION = YES;
				GCC_WARN_UNUSED_VARIABLE = YES;
				IPHONEOS_DEPLOYMENT_TARGET = 11.4;
				MTL_ENABLE_DEBUG_INFO = NO;
				SDKROOT = iphoneos;
				VALIDATE_PRODUCT = YES;
			};
			name = Release;
		};
		12F1456920EF55A200A9168C /* Debug */ = {
			isa = XCBuildConfiguration;
			buildSettings = {
				ASSETCATALOG_COMPILER_APPICON_NAME = AppIcon;
				CODE_SIGN_STYLE = Automatic;
				DEVELOPMENT_TEAM = G3AGX8A6V6;
				INFOPLIST_FILE = JQShelterView/Info.plist;
				LD_RUNPATH_SEARCH_PATHS = (
					"$(inherited)",
					"@executable_path/Frameworks",
				);
				PRODUCT_BUNDLE_IDENTIFIER = vicnic.JQShelterView;
				PRODUCT_NAME = "$(TARGET_NAME)";
				TARGETED_DEVICE_FAMILY = "1,2";
			};
			name = Debug;
		};
		12F1456A20EF55A200A9168C /* Release */ = {
			isa = XCBuildConfiguration;
			buildSettings = {
				ASSETCATALOG_COMPILER_APPICON_NAME = AppIcon;
				CODE_SIGN_STYLE = Automatic;
				DEVELOPMENT_TEAM = G3AGX8A6V6;
				INFOPLIST_FILE = JQShelterView/Info.plist;
				LD_RUNPATH_SEARCH_PATHS = (
					"$(inherited)",
					"@executable_path/Frameworks",
				);
				PRODUCT_BUNDLE_IDENTIFIER = vicnic.JQShelterView;
				PRODUCT_NAME = "$(TARGET_NAME)";
				TARGETED_DEVICE_FAMILY = "1,2";
			};
			name = Release;
		};
/* End XCBuildConfiguration section */

/* Begin XCConfigurationList section */
		12F1454D20EF559400A9168C /* Build configuration list for PBXProject "JQShelterView" */ = {
			isa = XCConfigurationList;
			buildConfigurations = (
				12F1456620EF55A200A9168C /* Debug */,
				12F1456720EF55A200A9168C /* Release */,
			);
			defaultConfigurationIsVisible = 0;
			defaultConfigurationName = Release;
		};
		12F1456820EF55A200A9168C /* Build configuration list for PBXNativeTarget "JQShelterView" */ = {
			isa = XCConfigurationList;
			buildConfigurations = (
				12F1456920EF55A200A9168C /* Debug */,
				12F1456A20EF55A200A9168C /* Release */,
			);
			defaultConfigurationIsVisible = 0;
			defaultConfigurationName = Release;
		};
/* End XCConfigurationList section */
	};
	rootObject = 12F1454A20EF559400A9168C /* Project object */;
}
